{
  "name": "it-kotoba-bot",
  "version": "1.0.0",
  "lockfileVersion": 3,
  "requires": true,
  "packages": {
    "": {
      "name": "it-kotoba-bot",
      "version": "1.0.0",
      "license": "ISC",
      "dependencies": {
        "dotenv": "^17.2.1",
        "microcms-js-sdk": "^3.2.0",
        "twitter-api-v2": "^1.25.0"
      }
    },
    "node_modules/async-retry": {
      "version": "1.3.3",
      "resolved": "https://registry.npmjs.org/async-retry/-/async-retry-1.3.3.tgz",
      "integrity": "sha512-wfr/jstw9xNi/0teMHrRW7dsz3Lt5ARhYNZ2ewpadnhaIp5mbALhOAP+EAdsC7t4Z6wqsDVv9+W6gm1Dk9mEyw==",
      "license": "MIT",
      "dependencies": {
        "retry": "0.13.1"
      }
    },
    "node_modules/dotenv": {
      "version": "17.2.1",
      "resolved": "https://registry.npmjs.org/dotenv/-/dotenv-17.2.1.tgz",
      "integrity": "sha512-kQhDYKZecqnM0fCnzI5eIv5L4cAe/iRI+HqMbO/hbRdTAeXDG+M9FjipUxNfbARuEg4iHIbhnhs78BCHNbSxEQ==",
      "license": "BSD-2-Clause",
      "engines": {
        "node": ">=12"
      },
      "funding": {
        "url": "https://dotenvx.com"
      }
    },
    "node_modules/microcms-js-sdk": {
      "version": "3.2.0",
      "resolved": "https://registry.npmjs.org/microcms-js-sdk/-/microcms-js-sdk-3.2.0.tgz",
      "integrity": "sha512-08TyGuBg3oBU27CUT0rn7GDgLu58pZ9F3aBpAa5boJJsllkz9BosLWsqOM9dfGTcVOga+/9tMtwHtmq17MK2KQ==",
      "license": "Apache-2.0",
      "dependencies": {
        "async-retry": "^1.3.3"
      },
      "engines": {
        "node": ">=18.0.0"
      }
    },
    "node_modules/retry": {
      "version": "0.13.1",
      "resolved": "https://registry.npmjs.org/retry/-/retry-0.13.1.tgz",
      "integrity": "sha512-XQBQ3I8W1Cge0Seh+6gjj03LbmRFWuoszgK9ooCpwYIrhhoO80pfq4cUkU5DkknwfOfFteRwlZ56PYOGYyFWdg==",
      "license": "MIT",
      "engines": {
        "node": ">= 4"
      }
    },
    "node_modules/twitter-api-v2": {
      "version": "1.25.0",
      "resolved": "https://registry.npmjs.org/twitter-api-v2/-/twitter-api-v2-1.25.0.tgz",
      "integrity": "sha512-g3JDd5jwJD+gkEe2Qn3GI5GpasYJjFEauTw70kqiBGu+ectWUgtEKtIaZUGKB50+ApyNhl6v871YCS6un6YEJw==",
      "license": "Apache-2.0"
    }
  }
}
